
Microsoft Visual Studio Solution File, Format Version 12.00
# Visual Studio Version 16
VisualStudioVersion = 16.0.30907.101
MinimumVisualStudioVersion = 10.0.40219.1
Project("{9A19103F-16F7-4668-BE54-9A1E7A4F7556}") = "JQ.PokemonLibrary.API", "JQ.PokemonLibrary.API\JQ.PokemonLibrary.API.csproj", "{D10AA287-BBD2-4503-A67F-763118C1D600}"
EndProject
Project("{9A19103F-16F7-4668-BE54-9A1E7A4F7556}") = "JQ.PokemonLibrary.Service", "JQ.PokemonLibrary.Service\JQ.PokemonLibrary.Service.csproj", "{2434D400-A857-4684-AE13-6277130C304D}"
EndProject
Project("{9A19103F-16F7-4668-BE54-9A1E7A4F7556}") = "JQ.PokemonLibrary.Core", "JQ.PokemonLibrary.Core\JQ.PokemonLibrary.Core.csproj", "{CFA038D9-0014-4F39-B568-5EAE81413EB6}"
EndProject
Project("{9A19103F-16F7-4668-BE54-9A1E7A4F7556}") = "JQ.PokemonLibrary.Data", "JQ.PokemonLibrary.Data\JQ.PokemonLibrary.Data.csproj", "{D2262A48-F5DB-4721-B16A-7FEF3B2AE7A2}"
EndProject
Project("{2150E333-8FDC-42A3-9474-1A3956D46DE8}") = "Library", "Library", "{93E306EA-4565-48CD-833D-FB0F29E3F7F1}"
EndProject
Project("{2150E333-8FDC-42A3-9474-1A3956D46DE8}") = "Infraestructure", "Infraestructure", "{0C3D1E08-0D51-45CB-8441-634CF342E5F2}"
EndProject
Project("{9A19103F-16F7-4668-BE54-9A1E7A4F7556}") = "JQ.PokemonLibrary.SharedKernel", "JQ.PokemonLibrary.SharedKernel\JQ.PokemonLibrary.SharedKernel.csproj", "{7EBE5924-65D3-44D3-886B-860CF40E2C99}"
EndProject
Project("{9A19103F-16F7-4668-BE54-9A1E7A4F7556}") = "JQ.PokemonLibrary.Service.UnitTests", "JQ.PokemonLibrary.Service.UnitTests\JQ.PokemonLibrary.Service.UnitTests.csproj", "{744C36BD-D674-4507-B065-B893E9D1B2BD}"
EndProject
Project("{2150E333-8FDC-42A3-9474-1A3956D46DE8}") = "_Database", "_Database", "{0A904E08-6502-492D-BF65-AF29F7D3EA7E}"
EndProject
Project("{9A19103F-16F7-4668-BE54-9A1E7A4F7556}") = "JQ.PokemonLibrary.DB", "JQ.PokemonLibrary.DB\JQ.PokemonLibrary.DB.csproj", "{920DAC84-42AC-41C6-A885-7279BB471441}"
EndProject
Project("{2150E333-8FDC-42A3-9474-1A3956D46DE8}") = "Catalogs", "Catalogs", "{ECF58110-7970-40FC-A8FB-19C5DC2C1D34}"
EndProject
Project("{FAE04EC0-301F-11D3-BF4B-00C04F79EFBC}") = "JQ.PokemonLibrary.Catalogs.Core", "JQ.PokemonLibrary.Catalogs.Core\JQ.PokemonLibrary.Catalogs.Core.csproj", "{D46567D5-538F-4536-9F92-17BDBB6E0A6C}"
EndProject
Project("{FAE04EC0-301F-11D3-BF4B-00C04F79EFBC}") = "JQ.PokemonLibrary.Catalogs.Data", "JQ.PokemonLibrary.Catalogs.Data\JQ.PokemonLibrary.Catalogs.Data.csproj", "{407C07E9-0EB3-4A70-8ECC-7581F3CC9E64}"
EndProject
Project("{2150E333-8FDC-42A3-9474-1A3956D46DE8}") = "Infraestructure", "Infraestructure", "{9AA7D924-6B68-44B4-989B-22D6DE61DF55}"
EndProject
Project("{FAE04EC0-301F-11D3-BF4B-00C04F79EFBC}") = "JQ,PokemonLibrary.Catalogs.Service", "JQ,PokemonLibrary.Catalogs.Service\JQ,PokemonLibrary.Catalogs.Service.csproj", "{045AF313-7CED-4873-B8CD-F112C5AA1805}"
EndProject
Global
	GlobalSection(SolutionConfigurationPlatforms) = preSolution
		Debug|Any CPU = Debug|Any CPU
		Release|Any CPU = Release|Any CPU
	EndGlobalSection
	GlobalSection(ProjectConfigurationPlatforms) = postSolution
		{D10AA287-BBD2-4503-A67F-763118C1D600}.Debug|Any CPU.ActiveCfg = Debug|Any CPU
		{D10AA287-BBD2-4503-A67F-763118C1D600}.Debug|Any CPU.Build.0 = Debug|Any CPU
		{D10AA287-BBD2-4503-A67F-763118C1D600}.Release|Any CPU.ActiveCfg = Release|Any CPU
		{D10AA287-BBD2-4503-A67F-763118C1D600}.Release|Any CPU.Build.0 = Release|Any CPU
		{2434D400-A857-4684-AE13-6277130C304D}.Debug|Any CPU.ActiveCfg = Debug|Any CPU
		{2434D400-A857-4684-AE13-6277130C304D}.Debug|Any CPU.Build.0 = Debug|Any CPU
		{2434D400-A857-4684-AE13-6277130C304D}.Release|Any CPU.ActiveCfg = Release|Any CPU
		{2434D400-A857-4684-AE13-6277130C304D}.Release|Any CPU.Build.0 = Release|Any CPU
		{CFA038D9-0014-4F39-B568-5EAE81413EB6}.Debug|Any CPU.ActiveCfg = Debug|Any CPU
		{CFA038D9-0014-4F39-B568-5EAE81413EB6}.Debug|Any CPU.Build.0 = Debug|Any CPU
		{CFA038D9-0014-4F39-B568-5EAE81413EB6}.Release|Any CPU.ActiveCfg = Release|Any CPU
		{CFA038D9-0014-4F39-B568-5EAE81413EB6}.Release|Any CPU.Build.0 = Release|Any CPU
		{D2262A48-F5DB-4721-B16A-7FEF3B2AE7A2}.Debug|Any CPU.ActiveCfg = Debug|Any CPU
		{D2262A48-F5DB-4721-B16A-7FEF3B2AE7A2}.Debug|Any CPU.Build.0 = Debug|Any CPU
		{D2262A48-F5DB-4721-B16A-7FEF3B2AE7A2}.Release|Any CPU.ActiveCfg = Release|Any CPU
		{D2262A48-F5DB-4721-B16A-7FEF3B2AE7A2}.Release|Any CPU.Build.0 = Release|Any CPU
		{7EBE5924-65D3-44D3-886B-860CF40E2C99}.Debug|Any CPU.ActiveCfg = Debug|Any CPU
		{7EBE5924-65D3-44D3-886B-860CF40E2C99}.Debug|Any CPU.Build.0 = Debug|Any CPU
		{7EBE5924-65D3-44D3-886B-860CF40E2C99}.Release|Any CPU.ActiveCfg = Release|Any CPU
		{7EBE5924-65D3-44D3-886B-860CF40E2C99}.Release|Any CPU.Build.0 = Release|Any CPU
		{744C36BD-D674-4507-B065-B893E9D1B2BD}.Debug|Any CPU.ActiveCfg = Debug|Any CPU
		{744C36BD-D674-4507-B065-B893E9D1B2BD}.Debug|Any CPU.Build.0 = Debug|Any CPU
		{744C36BD-D674-4507-B065-B893E9D1B2BD}.Release|Any CPU.ActiveCfg = Release|Any CPU
		{744C36BD-D674-4507-B065-B893E9D1B2BD}.Release|Any CPU.Build.0 = Release|Any CPU
		{920DAC84-42AC-41C6-A885-7279BB471441}.Debug|Any CPU.ActiveCfg = Debug|Any CPU
		{920DAC84-42AC-41C6-A885-7279BB471441}.Debug|Any CPU.Build.0 = Debug|Any CPU
		{920DAC84-42AC-41C6-A885-7279BB471441}.Release|Any CPU.ActiveCfg = Release|Any CPU
		{920DAC84-42AC-41C6-A885-7279BB471441}.Release|Any CPU.Build.0 = Release|Any CPU
		{D46567D5-538F-4536-9F92-17BDBB6E0A6C}.Debug|Any CPU.ActiveCfg = Debug|Any CPU
		{D46567D5-538F-4536-9F92-17BDBB6E0A6C}.Debug|Any CPU.Build.0 = Debug|Any CPU
		{D46567D5-538F-4536-9F92-17BDBB6E0A6C}.Release|Any CPU.ActiveCfg = Release|Any CPU
		{D46567D5-538F-4536-9F92-17BDBB6E0A6C}.Release|Any CPU.Build.0 = Release|Any CPU
		{407C07E9-0EB3-4A70-8ECC-7581F3CC9E64}.Debug|Any CPU.ActiveCfg = Debug|Any CPU
		{407C07E9-0EB3-4A70-8ECC-7581F3CC9E64}.Debug|Any CPU.Build.0 = Debug|Any CPU
		{407C07E9-0EB3-4A70-8ECC-7581F3CC9E64}.Release|Any CPU.ActiveCfg = Release|Any CPU
		{407C07E9-0EB3-4A70-8ECC-7581F3CC9E64}.Release|Any CPU.Build.0 = Release|Any CPU
		{045AF313-7CED-4873-B8CD-F112C5AA1805}.Debug|Any CPU.ActiveCfg = Debug|Any CPU
		{045AF313-7CED-4873-B8CD-F112C5AA1805}.Debug|Any CPU.Build.0 = Debug|Any CPU
		{045AF313-7CED-4873-B8CD-F112C5AA1805}.Release|Any CPU.ActiveCfg = Release|Any CPU
		{045AF313-7CED-4873-B8CD-F112C5AA1805}.Release|Any CPU.Build.0 = Release|Any CPU
	EndGlobalSection
	GlobalSection(SolutionProperties) = preSolution
		HideSolutionNode = FALSE
	EndGlobalSection
	GlobalSection(NestedProjects) = preSolution
		{2434D400-A857-4684-AE13-6277130C304D} = {93E306EA-4565-48CD-833D-FB0F29E3F7F1}
		{CFA038D9-0014-4F39-B568-5EAE81413EB6} = {93E306EA-4565-48CD-833D-FB0F29E3F7F1}
		{D2262A48-F5DB-4721-B16A-7FEF3B2AE7A2} = {0C3D1E08-0D51-45CB-8441-634CF342E5F2}
		{0C3D1E08-0D51-45CB-8441-634CF342E5F2} = {93E306EA-4565-48CD-833D-FB0F29E3F7F1}
		{744C36BD-D674-4507-B065-B893E9D1B2BD} = {93E306EA-4565-48CD-833D-FB0F29E3F7F1}
		{920DAC84-42AC-41C6-A885-7279BB471441} = {0A904E08-6502-492D-BF65-AF29F7D3EA7E}
		{D46567D5-538F-4536-9F92-17BDBB6E0A6C} = {ECF58110-7970-40FC-A8FB-19C5DC2C1D34}
		{407C07E9-0EB3-4A70-8ECC-7581F3CC9E64} = {9AA7D924-6B68-44B4-989B-22D6DE61DF55}
		{9AA7D924-6B68-44B4-989B-22D6DE61DF55} = {ECF58110-7970-40FC-A8FB-19C5DC2C1D34}
		{045AF313-7CED-4873-B8CD-F112C5AA1805} = {ECF58110-7970-40FC-A8FB-19C5DC2C1D34}
	EndGlobalSection
	GlobalSection(ExtensibilityGlobals) = postSolution
		SolutionGuid = {07B7CEBD-B61F-493D-A8CF-461FA36927B7}
	EndGlobalSection
EndGlobal
